
Microsoft Visual Studio Solution File, Format Version 12.00
# Visual Studio Version 17
VisualStudioVersion = 17.8.34525.116
MinimumVisualStudioVersion = 10.0.40219.1
Project("{FAE04EC0-301F-11D3-BF4B-00C04F79EFBC}") = "ContactManager.Web", "ContactManager\ContactManager.Web.csproj", "{5D239385-EBD1-43AE-9E6D-64F18DD41E3E}"
EndProject
Project("{FAE04EC0-301F-11D3-BF4B-00C04F79EFBC}") = "ContactManager.Common", "ContactManager.Common\ContactManager.Common.csproj", "{CAAAA9E4-549F-4E28-A748-6A4EDC2E989E}"
EndProject
Project("{FAE04EC0-301F-11D3-BF4B-00C04F79EFBC}") = "ContactManager.Repository", "ContactManager.Repository\ContactManager.Repository.csproj", "{B4F61208-2D30-467C-A944-F580F8B8A24E}"
EndProject
Project("{FAE04EC0-301F-11D3-BF4B-00C04F79EFBC}") = "ContactManager.Service", "ContactManager.Service\ContactManager.Service.csproj", "{74C8045C-40EC-4A8D-911E-763294EAD334}"
EndProject
Global
	GlobalSection(SolutionConfigurationPlatforms) = preSolution
		Debug|Any CPU = Debug|Any CPU
		Release|Any CPU = Release|Any CPU
	EndGlobalSection
	GlobalSection(ProjectConfigurationPlatforms) = postSolution
		{5D239385-EBD1-43AE-9E6D-64F18DD41E3E}.Debug|Any CPU.ActiveCfg = Debug|Any CPU
		{5D239385-EBD1-43AE-9E6D-64F18DD41E3E}.Debug|Any CPU.Build.0 = Debug|Any CPU
		{5D239385-EBD1-43AE-9E6D-64F18DD41E3E}.Release|Any CPU.ActiveCfg = Release|Any CPU
		{5D239385-EBD1-43AE-9E6D-64F18DD41E3E}.Release|Any CPU.Build.0 = Release|Any CPU
		{CAAAA9E4-549F-4E28-A748-6A4EDC2E989E}.Debug|Any CPU.ActiveCfg = Debug|Any CPU
		{CAAAA9E4-549F-4E28-A748-6A4EDC2E989E}.Debug|Any CPU.Build.0 = Debug|Any CPU
		{CAAAA9E4-549F-4E28-A748-6A4EDC2E989E}.Release|Any CPU.ActiveCfg = Release|Any CPU
		{CAAAA9E4-549F-4E28-A748-6A4EDC2E989E}.Release|Any CPU.Build.0 = Release|Any CPU
		{B4F61208-2D30-467C-A944-F580F8B8A24E}.Debug|Any CPU.ActiveCfg = Debug|Any CPU
		{B4F61208-2D30-467C-A944-F580F8B8A24E}.Debug|Any CPU.Build.0 = Debug|Any CPU
		{B4F61208-2D30-467C-A944-F580F8B8A24E}.Release|Any CPU.ActiveCfg = Release|Any CPU
		{B4F61208-2D30-467C-A944-F580F8B8A24E}.Release|Any CPU.Build.0 = Release|Any CPU
		{74C8045C-40EC-4A8D-911E-763294EAD334}.Debug|Any CPU.ActiveCfg = Debug|Any CPU
		{74C8045C-40EC-4A8D-911E-763294EAD334}.Debug|Any CPU.Build.0 = Debug|Any CPU
		{74C8045C-40EC-4A8D-911E-763294EAD334}.Release|Any CPU.ActiveCfg = Release|Any CPU
		{74C8045C-40EC-4A8D-911E-763294EAD334}.Release|Any CPU.Build.0 = Release|Any CPU
	EndGlobalSection
	GlobalSection(SolutionProperties) = preSolution
		HideSolutionNode = FALSE
	EndGlobalSection
	GlobalSection(ExtensibilityGlobals) = postSolution
		SolutionGuid = {E573574A-ED57-4D50-AF27-B5D76421230A}
	EndGlobalSection
EndGlobal
